PODS:
  - LWAudioPlayer (1.0.0):
    - Masonry
  - Masonry (1.1.0)

DEPENDENCIES:
  - LWAudioPlayer (from `../`)
  - Masonry

SPEC REPOS:
  https://github.com/CocoaPods/Specs.git:
    - Masonry

EXTERNAL SOURCES:
  LWAudioPlayer:
    :path: "../"

SPEC CHECKSUMS:
  LWAudioPlayer: ddcdd5c02ef72247da68376defb28515e3f506b6
  Masonry: 678fab65091a9290e40e2832a55e7ab731aad201

PODFILE CHECKSUM: 2d0b78f4f82df234c35afecd4ab0d7175b67a483

COCOAPODS: 1.9.2
