PODS:
  - LWAudioPlayer (0.1.0):
    - Masonry
  - Masonry (1.1.0)

DEPENDENCIES:
  - LWAudioPlayer (from `../`)
  - Masonry (= 1.1.0)

SPEC REPOS:
  https://github.com/CocoaPods/Specs.git:
    - Masonry

EXTERNAL SOURCES:
  LWAudioPlayer:
    :path: "../"

SPEC CHECKSUMS:
  LWAudioPlayer: bfc5710f3c1e308713b356e1c63428c183283d2b
  Masonry: 678fab65091a9290e40e2832a55e7ab731aad201

PODFILE CHECKSUM: 2d009a4825d160a3599c774c2c1f072ffba12b7e

COCOAPODS: 1.8.4
